
Microsoft Visual Studio Solution File, Format Version 12.00
# Visual Studio 15
VisualStudioVersion = 15.0.26124.0
MinimumVisualStudioVersion = 15.0.26124.0
Project("{FAE04EC0-301F-11D3-BF4B-00C04F79EFBC}") = "Westerhoff.Configuration.EnvironmentAliases", "Configuration.EnvironmentAliases\Westerhoff.Configuration.EnvironmentAliases.csproj", "{4F6F1076-E7F5-4119-BB46-86E6D5D74023}"
EndProject
Project("{FAE04EC0-301F-11D3-BF4B-00C04F79EFBC}") = "Westerhoff.Configuration.EnvironmentAliases.Test", "Configuration.EnvironmentAliases.Test\Westerhoff.Configuration.EnvironmentAliases.Test.csproj", "{562E668C-D70D-47FD-9B9E-737C65C612C7}"
EndProject
Global
	GlobalSection(SolutionConfigurationPlatforms) = preSolution
		Debug|Any CPU = Debug|Any CPU
		Debug|x64 = Debug|x64
		Debug|x86 = Debug|x86
		Release|Any CPU = Release|Any CPU
		Release|x64 = Release|x64
		Release|x86 = Release|x86
	EndGlobalSection
	GlobalSection(SolutionProperties) = preSolution
		HideSolutionNode = FALSE
	EndGlobalSection
	GlobalSection(ProjectConfigurationPlatforms) = postSolution
		{4F6F1076-E7F5-4119-BB46-86E6D5D74023}.Debug|Any CPU.ActiveCfg = Debug|Any CPU
		{4F6F1076-E7F5-4119-BB46-86E6D5D74023}.Debug|Any CPU.Build.0 = Debug|Any CPU
		{4F6F1076-E7F5-4119-BB46-86E6D5D74023}.Debug|x64.ActiveCfg = Debug|Any CPU
		{4F6F1076-E7F5-4119-BB46-86E6D5D74023}.Debug|x64.Build.0 = Debug|Any CPU
		{4F6F1076-E7F5-4119-BB46-86E6D5D74023}.Debug|x86.ActiveCfg = Debug|Any CPU
		{4F6F1076-E7F5-4119-BB46-86E6D5D74023}.Debug|x86.Build.0 = Debug|Any CPU
		{4F6F1076-E7F5-4119-BB46-86E6D5D74023}.Release|Any CPU.ActiveCfg = Release|Any CPU
		{4F6F1076-E7F5-4119-BB46-86E6D5D74023}.Release|Any CPU.Build.0 = Release|Any CPU
		{4F6F1076-E7F5-4119-BB46-86E6D5D74023}.Release|x64.ActiveCfg = Release|Any CPU
		{4F6F1076-E7F5-4119-BB46-86E6D5D74023}.Release|x64.Build.0 = Release|Any CPU
		{4F6F1076-E7F5-4119-BB46-86E6D5D74023}.Release|x86.ActiveCfg = Release|Any CPU
		{4F6F1076-E7F5-4119-BB46-86E6D5D74023}.Release|x86.Build.0 = Release|Any CPU
		{562E668C-D70D-47FD-9B9E-737C65C612C7}.Debug|Any CPU.ActiveCfg = Debug|Any CPU
		{562E668C-D70D-47FD-9B9E-737C65C612C7}.Debug|Any CPU.Build.0 = Debug|Any CPU
		{562E668C-D70D-47FD-9B9E-737C65C612C7}.Debug|x64.ActiveCfg = Debug|Any CPU
		{562E668C-D70D-47FD-9B9E-737C65C612C7}.Debug|x64.Build.0 = Debug|Any CPU
		{562E668C-D70D-47FD-9B9E-737C65C612C7}.Debug|x86.ActiveCfg = Debug|Any CPU
		{562E668C-D70D-47FD-9B9E-737C65C612C7}.Debug|x86.Build.0 = Debug|Any CPU
		{562E668C-D70D-47FD-9B9E-737C65C612C7}.Release|Any CPU.ActiveCfg = Release|Any CPU
		{562E668C-D70D-47FD-9B9E-737C65C612C7}.Release|Any CPU.Build.0 = Release|Any CPU
		{562E668C-D70D-47FD-9B9E-737C65C612C7}.Release|x64.ActiveCfg = Release|Any CPU
		{562E668C-D70D-47FD-9B9E-737C65C612C7}.Release|x64.Build.0 = Release|Any CPU
		{562E668C-D70D-47FD-9B9E-737C65C612C7}.Release|x86.ActiveCfg = Release|Any CPU
		{562E668C-D70D-47FD-9B9E-737C65C612C7}.Release|x86.Build.0 = Release|Any CPU
	EndGlobalSection
EndGlobal
